
Microsoft Visual Studio Solution File, Format Version 12.00
# Visual Studio Version 17
VisualStudioVersion = 17.8.34511.84
MinimumVisualStudioVersion = 10.0.40219.1
Project("{FAE04EC0-301F-11D3-BF4B-00C04F79EFBC}") = "MethodResults", "src\MethodResults\MethodResults.csproj", "{881E8520-DA07-4AFF-9D30-CD0D7B9C6943}"
EndProject
Project("{FAE04EC0-301F-11D3-BF4B-00C04F79EFBC}") = "Example", "Example\Example.csproj", "{7D8B32E1-DC2A-4984-89AA-BDCB573E0145}"
EndProject
Global
	GlobalSection(SolutionConfigurationPlatforms) = preSolution
		Debug|Any CPU = Debug|Any CPU
		Release|Any CPU = Release|Any CPU
	EndGlobalSection
	GlobalSection(ProjectConfigurationPlatforms) = postSolution
		{881E8520-DA07-4AFF-9D30-CD0D7B9C6943}.Debug|Any CPU.ActiveCfg = Debug|Any CPU
		{881E8520-DA07-4AFF-9D30-CD0D7B9C6943}.Debug|Any CPU.Build.0 = Debug|Any CPU
		{881E8520-DA07-4AFF-9D30-CD0D7B9C6943}.Release|Any CPU.ActiveCfg = Release|Any CPU
		{881E8520-DA07-4AFF-9D30-CD0D7B9C6943}.Release|Any CPU.Build.0 = Release|Any CPU
		{7D8B32E1-DC2A-4984-89AA-BDCB573E0145}.Debug|Any CPU.ActiveCfg = Debug|Any CPU
		{7D8B32E1-DC2A-4984-89AA-BDCB573E0145}.Debug|Any CPU.Build.0 = Debug|Any CPU
		{7D8B32E1-DC2A-4984-89AA-BDCB573E0145}.Release|Any CPU.ActiveCfg = Release|Any CPU
		{7D8B32E1-DC2A-4984-89AA-BDCB573E0145}.Release|Any CPU.Build.0 = Release|Any CPU
	EndGlobalSection
	GlobalSection(SolutionProperties) = preSolution
		HideSolutionNode = FALSE
	EndGlobalSection
	GlobalSection(ExtensibilityGlobals) = postSolution
		SolutionGuid = {325DDC21-AFE1-46D3-B2F0-AA87D8653EB9}
	EndGlobalSection
EndGlobal
